
Microsoft Visual Studio Solution File, Format Version 12.00
# Visual Studio Version 16
VisualStudioVersion = 16.0.31729.503
MinimumVisualStudioVersion = 10.0.40219.1
Project("{FAE04EC0-301F-11D3-BF4B-00C04F79EFBC}") = "7 SegmentClock", "7 SegmentClock\7 SegmentClock.csproj", "{8101DB07-3917-4E1C-98BC-209C3E8E757F}"
EndProject
Global
	GlobalSection(SolutionConfigurationPlatforms) = preSolution
		Debug|Any CPU = Debug|Any CPU
		Release|Any CPU = Release|Any CPU
	EndGlobalSection
	GlobalSection(ProjectConfigurationPlatforms) = postSolution
		{8101DB07-3917-4E1C-98BC-209C3E8E757F}.Debug|Any CPU.ActiveCfg = Debug|Any CPU
		{8101DB07-3917-4E1C-98BC-209C3E8E757F}.Debug|Any CPU.Build.0 = Debug|Any CPU
		{8101DB07-3917-4E1C-98BC-209C3E8E757F}.Release|Any CPU.ActiveCfg = Release|Any CPU
		{8101DB07-3917-4E1C-98BC-209C3E8E757F}.Release|Any CPU.Build.0 = Release|Any CPU
	EndGlobalSection
	GlobalSection(SolutionProperties) = preSolution
		HideSolutionNode = FALSE
	EndGlobalSection
	GlobalSection(ExtensibilityGlobals) = postSolution
		SolutionGuid = {1B3AC33F-72FC-4493-96D1-DE62D46F8D87}
	EndGlobalSection
EndGlobal
